{
  "name": "Proyecto-Pagina-Web",
  "lockfileVersion": 3,
  "requires": true,
  "packages": {
    "": {
      "dependencies": {
        "validar-rut": "^3.1.0"
      }
    },
    "node_modules/validar-rut": {
      "version": "3.1.0",
      "resolved": "https://registry.npmjs.org/validar-rut/-/validar-rut-3.1.0.tgz",
      "integrity": "sha512-5zk6ccGZHh9MGAulhMHcaAWUo+GMJv0T9TrSgs1txe7CLl4TjDdvGFwG5lI3SAP1OQNyHcSYKjmokUMDWAD6YA=="
    }
  }
}
